// !$*UTF8*$!
{
	archiveVersion = 1;
	classes = {
	};
	objectVersion = 50;
	objects = {

/* Begin PBXBuildFile section */
		5778F30622E0D9FB00A61288 /* AppDelegate.swift in Sources */ = {isa = PBXBuildFile; fileRef = 5778F30522E0D9FB00A61288 /* AppDelegate.swift */; };
		5778F30822E0D9FB00A61288 /* ViewController.swift in Sources */ = {isa = PBXBuildFile; fileRef = 5778F30722E0D9FB00A61288 /* ViewController.swift */; };
		5778F30B22E0D9FB00A61288 /* Main.storyboard in Resources */ = {isa = PBXBuildFile; fileRef = 5778F30922E0D9FB00A61288 /* Main.storyboard */; };
		5778F30D22E0D9FE00A61288 /* Assets.xcassets in Resources */ = {isa = PBXBuildFile; fileRef = 5778F30C22E0D9FE00A61288 /* Assets.xcassets */; };
		5778F31022E0D9FE00A61288 /* LaunchScreen.storyboard in Resources */ = {isa = PBXBuildFile; fileRef = 5778F30E22E0D9FE00A61288 /* LaunchScreen.storyboard */; };
		5778F31E22E0DA9300A61288 /* KeyboardViewController.swift in Sources */ = {isa = PBXBuildFile; fileRef = 5778F31D22E0DA9300A61288 /* KeyboardViewController.swift */; };
		5778F32222E0DA9300A61288 /* Yipppee.appex in Embed App Extensions */ = {isa = PBXBuildFile; fileRef = 5778F31B22E0DA9300A61288 /* Yipppee.appex */; settings = {ATTRIBUTES = (RemoveHeadersOnCopy, ); }; };
		5778F32822E0DB4F00A61288 /* dice.png in Resources */ = {isa = PBXBuildFile; fileRef = 5778F32722E0DB4F00A61288 /* dice.png */; };
/* End PBXBuildFile section */

/* Begin PBXContainerItemProxy section */
		5778F32022E0DA9300A61288 /* PBXContainerItemProxy */ = {
			isa = PBXContainerItemProxy;
			containerPortal = 5778F2FA22E0D9FB00A61288 /* Project object */;
			proxyType = 1;
			remoteGlobalIDString = 5778F31A22E0DA9300A61288;
			remoteInfo = Yipppee;
		};
/* End PBXContainerItemProxy section */

/* Begin PBXCopyFilesBuildPhase section */
		5778F32622E0DA9300A61288 /* Embed App Extensions */ = {
			isa = PBXCopyFilesBuildPhase;
			buildActionMask = 2147483647;
			dstPath = "";
			dstSubfolderSpec = 13;
			files = (
				5778F32222E0DA9300A61288 /* Yipppee.appex in Embed App Extensions */,
			);
			name = "Embed App Extensions";
			runOnlyForDeploymentPostprocessing = 0;
		};
/* End PBXCopyFilesBuildPhase section */

/* Begin PBXFileReference section */
		5778F30222E0D9FB00A61288 /* Custom Keyboard.app */ = {isa = PBXFileReference; explicitFileType = wrapper.application; includeInIndex = 0; path = "Custom Keyboard.app"; sourceTree = BUILT_PRODUCTS_DIR; };
		5778F30522E0D9FB00A61288 /* AppDelegate.swift */ = {isa = PBXFileReference; lastKnownFileType = sourcecode.swift; path = AppDelegate.swift; sourceTree = "<group>"; };
		5778F30722E0D9FB00A61288 /* ViewController.swift */ = {isa = PBXFileReference; lastKnownFileType = sourcecode.swift; path = ViewController.swift; sourceTree = "<group>"; };
		5778F30A22E0D9FB00A61288 /* Base */ = {isa = PBXFileReference; lastKnownFileType = file.storyboard; name = Base; path = Base.lproj/Main.storyboard; sourceTree = "<group>"; };
		5778F30C22E0D9FE00A61288 /* Assets.xcassets */ = {isa = PBXFileReference; lastKnownFileType = folder.assetcatalog; path = Assets.xcassets; sourceTree = "<group>"; };
		5778F30F22E0D9FE00A61288 /* Base */ = {isa = PBXFileReference; lastKnownFileType = file.storyboard; name = Base; path = Base.lproj/LaunchScreen.storyboard; sourceTree = "<group>"; };
		5778F31122E0D9FE00A61288 /* Info.plist */ = {isa = PBXFileReference; lastKnownFileType = text.plist.xml; path = Info.plist; sourceTree = "<group>"; };
		5778F31B22E0DA9300A61288 /* Yipppee.appex */ = {isa = PBXFileReference; explicitFileType = "wrapper.app-extension"; includeInIndex = 0; path = Yipppee.appex; sourceTree = BUILT_PRODUCTS_DIR; };
		5778F31D22E0DA9300A61288 /* KeyboardViewController.swift */ = {isa = PBXFileReference; lastKnownFileType = sourcecode.swift; path = KeyboardViewController.swift; sourceTree = "<group>"; };
		5778F31F22E0DA9300A61288 /* Info.plist */ = {isa = PBXFileReference; lastKnownFileType = text.plist.xml; path = Info.plist; sourceTree = "<group>"; };
		5778F32722E0DB4F00A61288 /* dice.png */ = {isa = PBXFileReference; lastKnownFileType = image.png; path = dice.png; sourceTree = "<group>"; };
/* End PBXFileReference section */

/* Begin PBXFrameworksBuildPhase section */
		5778F2FF22E0D9FB00A61288 /* Frameworks */ = {
			isa = PBXFrameworksBuildPhase;
			buildActionMask = 2147483647;
			files = (
			);
			runOnlyForDeploymentPostprocessing = 0;
		};
		5778F31822E0DA9300A61288 /* Frameworks */ = {
			isa = PBXFrameworksBuildPhase;
			buildActionMask = 2147483647;
			files = (
			);
			runOnlyForDeploymentPostprocessing = 0;
		};
/* End PBXFrameworksBuildPhase section */

/* Begin PBXGroup section */
		5778F2F922E0D9FB00A61288 = {
			isa = PBXGroup;
			children = (
				5778F30422E0D9FB00A61288 /* Custom Keyboard */,
				5778F31C22E0DA9300A61288 /* Yipppee */,
				5778F30322E0D9FB00A61288 /* Products */,
			);
			sourceTree = "<group>";
		};
		5778F30322E0D9FB00A61288 /* Products */ = {
			isa = PBXGroup;
			children = (
				5778F30222E0D9FB00A61288 /* Custom Keyboard.app */,
				5778F31B22E0DA9300A61288 /* Yipppee.appex */,
			);
			name = Products;
			sourceTree = "<group>";
		};
		5778F30422E0D9FB00A61288 /* Custom Keyboard */ = {
			isa = PBXGroup;
			children = (
				5778F30522E0D9FB00A61288 /* AppDelegate.swift */,
				5778F30722E0D9FB00A61288 /* ViewController.swift */,
				5778F30922E0D9FB00A61288 /* Main.storyboard */,
				5778F30C22E0D9FE00A61288 /* Assets.xcassets */,
				5778F30E22E0D9FE00A61288 /* LaunchScreen.storyboard */,
				5778F31122E0D9FE00A61288 /* Info.plist */,
			);
			path = "Custom Keyboard";
			sourceTree = "<group>";
		};
		5778F31C22E0DA9300A61288 /* Yipppee */ = {
			isa = PBXGroup;
			children = (
				5778F32722E0DB4F00A61288 /* dice.png */,
				5778F31D22E0DA9300A61288 /* KeyboardViewController.swift */,
				5778F31F22E0DA9300A61288 /* Info.plist */,
			);
			path = Yipppee;
			sourceTree = "<group>";
		};
/* End PBXGroup section */

/* Begin PBXNativeTarget section */
		5778F30122E0D9FB00A61288 /* Custom Keyboard */ = {
			isa = PBXNativeTarget;
			buildConfigurationList = 5778F31422E0D9FE00A61288 /* Build configuration list for PBXNativeTarget "Custom Keyboard" */;
			buildPhases = (
				5778F2FE22E0D9FB00A61288 /* Sources */,
				5778F2FF22E0D9FB00A61288 /* Frameworks */,
				5778F30022E0D9FB00A61288 /* Resources */,
				5778F32622E0DA9300A61288 /* Embed App Extensions */,
			);
			buildRules = (
			);
			dependencies = (
				5778F32122E0DA9300A61288 /* PBXTargetDependency */,
			);
			name = "Custom Keyboard";
			productName = "Custom Keyboard";
			productReference = 5778F30222E0D9FB00A61288 /* Custom Keyboard.app */;
			productType = "com.apple.product-type.application";
		};
		5778F31A22E0DA9300A61288 /* Yipppee */ = {
			isa = PBXNativeTarget;
			buildConfigurationList = 5778F32322E0DA9300A61288 /* Build configuration list for PBXNativeTarget "Yipppee" */;
			buildPhases = (
				5778F31722E0DA9300A61288 /* Sources */,
				5778F31822E0DA9300A61288 /* Frameworks */,
				5778F31922E0DA9300A61288 /* Resources */,
			);
			buildRules = (
			);
			dependencies = (
			);
			name = Yipppee;
			productName = Yipppee;
			productReference = 5778F31B22E0DA9300A61288 /* Yipppee.appex */;
			productType = "com.apple.product-type.app-extension";
		};
/* End PBXNativeTarget section */

/* Begin PBXProject section */
		5778F2FA22E0D9FB00A61288 /* Project object */ = {
			isa = PBXProject;
			attributes = {
				LastSwiftUpdateCheck = 1010;
				LastUpgradeCheck = 1010;
				ORGANIZATIONNAME = "Sagar Sandy";
				TargetAttributes = {
					5778F30122E0D9FB00A61288 = {
						CreatedOnToolsVersion = 10.1;
					};
					5778F31A22E0DA9300A61288 = {
						CreatedOnToolsVersion = 10.1;
					};
				};
			};
			buildConfigurationList = 5778F2FD22E0D9FB00A61288 /* Build configuration list for PBXProject "Custom Keyboard" */;
			compatibilityVersion = "Xcode 9.3";
			developmentRegion = en;
			hasScannedForEncodings = 0;
			knownRegions = (
				en,
				Base,
			);
			mainGroup = 5778F2F922E0D9FB00A61288;
			productRefGroup = 5778F30322E0D9FB00A61288 /* Products */;
			projectDirPath = "";
			projectRoot = "";
			targets = (
				5778F30122E0D9FB00A61288 /* Custom Keyboard */,
				5778F31A22E0DA9300A61288 /* Yipppee */,
			);
		};
/* End PBXProject section */

/* Begin PBXResourcesBuildPhase section */
		5778F30022E0D9FB00A61288 /* Resources */ = {
			isa = PBXResourcesBuildPhase;
			buildActionMask = 2147483647;
			files = (
				5778F31022E0D9FE00A61288 /* LaunchScreen.storyboard in Resources */,
				5778F30D22E0D9FE00A61288 /* Assets.xcassets in Resources */,
				5778F30B22E0D9FB00A61288 /* Main.storyboard in Resources */,
			);
			runOnlyForDeploymentPostprocessing = 0;
		};
		5778F31922E0DA9300A61288 /* Resources */ = {
			isa = PBXResourcesBuildPhase;
			buildActionMask = 2147483647;
			files = (
				5778F32822E0DB4F00A61288 /* dice.png in Resources */,
			);
			runOnlyForDeploymentPostprocessing = 0;
		};
/* End PBXResourcesBuildPhase section */

/* Begin PBXSourcesBuildPhase section */
		5778F2FE22E0D9FB00A61288 /* Sources */ = {
			isa = PBXSourcesBuildPhase;
			buildActionMask = 2147483647;
			files = (
				5778F30822E0D9FB00A61288 /* ViewController.swift in Sources */,
				5778F30622E0D9FB00A61288 /* AppDelegate.swift in Sources */,
			);
			runOnlyForDeploymentPostprocessing = 0;
		};
		5778F31722E0DA9300A61288 /* Sources */ = {
			isa = PBXSourcesBuildPhase;
			buildActionMask = 2147483647;
			files = (
				5778F31E22E0DA9300A61288 /* KeyboardViewController.swift in Sources */,
			);
			runOnlyForDeploymentPostprocessing = 0;
		};
/* End PBXSourcesBuildPhase section */

/* Begin PBXTargetDependency section */
		5778F32122E0DA9300A61288 /* PBXTargetDependency */ = {
			isa = PBXTargetDependency;
			target = 5778F31A22E0DA9300A61288 /* Yipppee */;
			targetProxy = 5778F32022E0DA9300A61288 /* PBXContainerItemProxy */;
		};
/* End PBXTargetDependency section */

/* Begin PBXVariantGroup section */
		5778F30922E0D9FB00A61288 /* Main.storyboard */ = {
			isa = PBXVariantGroup;
			children = (
				5778F30A22E0D9FB00A61288 /* Base */,
			);
			name = Main.storyboard;
			sourceTree = "<group>";
		};
		5778F30E22E0D9FE00A61288 /* LaunchScreen.storyboard */ = {
			isa = PBXVariantGroup;
			children = (
				5778F30F22E0D9FE00A61288 /* Base */,
			);
			name = LaunchScreen.storyboard;
			sourceTree = "<group>";
		};
/* End PBXVariantGroup section */

/* Begin XCBuildConfiguration section */
		5778F31222E0D9FE00A61288 /* Debug */ = {
			isa = XCBuildConfiguration;
			buildSettings = {
				ALWAYS_SEARCH_USER_PATHS = NO;
				CLANG_ANALYZER_NONNULL = YES;
				CLANG_ANALYZER_NUMBER_OBJECT_CONVERSION = YES_AGGRESSIVE;
				CLANG_CXX_LANGUAGE_STANDARD = "gnu++14";
				CLANG_CXX_LIBRARY = "libc++";
				CLANG_ENABLE_MODULES = YES;
				CLANG_ENABLE_OBJC_ARC = YES;
				CLANG_ENABLE_OBJC_WEAK = YES;
				CLANG_WARN_BLOCK_CAPTURE_AUTORELEASING = YES;
				CLANG_WARN_BOOL_CONVERSION = YES;
				CLANG_WARN_COMMA = YES;
				CLANG_WARN_CONSTANT_CONVERSION = YES;
				CLANG_WARN_DEPRECATED_OBJC_IMPLEMENTATIONS = YES;
				CLANG_WARN_DIRECT_OBJC_ISA_USAGE = YES_ERROR;
				CLANG_WARN_DOCUMENTATION_COMMENTS = YES;
				CLANG_WARN_EMPTY_BODY = YES;
				CLANG_WARN_ENUM_CONVERSION = YES;
				CLANG_WARN_INFINITE_RECURSION = YES;
				CLANG_WARN_INT_CONVERSION = YES;
				CLANG_WARN_NON_LITERAL_NULL_CONVERSION = YES;
				CLANG_WARN_OBJC_IMPLICIT_RETAIN_SELF = YES;
				CLANG_WARN_OBJC_LITERAL_CONVERSION = YES;
				CLANG_WARN_OBJC_ROOT_CLASS = YES_ERROR;
				CLANG_WARN_RANGE_LOOP_ANALYSIS = YES;
				CLANG_WARN_STRICT_PROTOTYPES = YES;
				CLANG_WARN_SUSPICIOUS_MOVE = YES;
				CLANG_WARN_UNGUARDED_AVAILABILITY = YES_AGGRESSIVE;
				CLANG_WARN_UNREACHABLE_CODE = YES;
				CLANG_WARN__DUPLICATE_METHOD_MATCH = YES;
				CODE_SIGN_IDENTITY = "iPhone Developer";
				COPY_PHASE_STRIP = NO;
				DEBUG_INFORMATION_FORMAT = dwarf;
				ENABLE_STRICT_OBJC_MSGSEND = YES;
				ENABLE_TESTABILITY = YES;
				GCC_C_LANGUAGE_STANDARD = gnu11;
				GCC_DYNAMIC_NO_PIC = NO;
				GCC_NO_COMMON_BLOCKS = YES;
				GCC_OPTIMIZATION_LEVEL = 0;
				GCC_PREPROCESSOR_DEFINITIONS = (
					"DEBUG=1",
					"$(inherited)",
				);
				GCC_WARN_64_TO_32_BIT_CONVERSION = YES;
				GCC_WARN_ABOUT_RETURN_TYPE = YES_ERROR;
				GCC_WARN_UNDECLARED_SELECTOR = YES;
				GCC_WARN_UNINITIALIZED_AUTOS = YES_AGGRESSIVE;
				GCC_WARN_UNUSED_FUNCTION = YES;
				GCC_WARN_UNUSED_VARIABLE = YES;
				IPHONEOS_DEPLOYMENT_TARGET = 12.1;
				MTL_ENABLE_DEBUG_INFO = INCLUDE_SOURCE;
				MTL_FAST_MATH = YES;
				ONLY_ACTIVE_ARCH = YES;
				SDKROOT = iphoneos;
				SWIFT_ACTIVE_COMPILATION_CONDITIONS = DEBUG;
				SWIFT_OPTIMIZATION_LEVEL = "-Onone";
			};
			name = Debug;
		};
		5778F31322E0D9FE00A61288 /* Release */ = {
			isa = XCBuildConfiguration;
			buildSettings = {
				ALWAYS_SEARCH_USER_PATHS = NO;
				CLANG_ANALYZER_NONNULL = YES;
				CLANG_ANALYZER_NUMBER_OBJECT_CONVERSION = YES_AGGRESSIVE;
				CLANG_CXX_LANGUAGE_STANDARD = "gnu++14";
				CLANG_CXX_LIBRARY = "libc++";
				CLANG_ENABLE_MODULES = YES;
				CLANG_ENABLE_OBJC_ARC = YES;
				CLANG_ENABLE_OBJC_WEAK = YES;
				CLANG_WARN_BLOCK_CAPTURE_AUTORELEASING = YES;
				CLANG_WARN_BOOL_CONVERSION = YES;
				CLANG_WARN_COMMA = YES;
				CLANG_WARN_CONSTANT_CONVERSION = YES;
				CLANG_WARN_DEPRECATED_OBJC_IMPLEMENTATIONS = YES;
				CLANG_WARN_DIRECT_OBJC_ISA_USAGE = YES_ERROR;
				CLANG_WARN_DOCUMENTATION_COMMENTS = YES;
				CLANG_WARN_EMPTY_BODY = YES;
				CLANG_WARN_ENUM_CONVERSION = YES;
				CLANG_WARN_INFINITE_RECURSION = YES;
				CLANG_WARN_INT_CONVERSION = YES;
				CLANG_WARN_NON_LITERAL_NULL_CONVERSION = YES;
				CLANG_WARN_OBJC_IMPLICIT_RETAIN_SELF = YES;
				CLANG_WARN_OBJC_LITERAL_CONVERSION = YES;
				CLANG_WARN_OBJC_ROOT_CLASS = YES_ERROR;
				CLANG_WARN_RANGE_LOOP_ANALYSIS = YES;
				CLANG_WARN_STRICT_PROTOTYPES = YES;
				CLANG_WARN_SUSPICIOUS_MOVE = YES;
				CLANG_WARN_UNGUARDED_AVAILABILITY = YES_AGGRESSIVE;
				CLANG_WARN_UNREACHABLE_CODE = YES;
				CLANG_WARN__DUPLICATE_METHOD_MATCH = YES;
				CODE_SIGN_IDENTITY = "iPhone Developer";
				COPY_PHASE_STRIP = NO;
				DEBUG_INFORMATION_FORMAT = "dwarf-with-dsym";
				ENABLE_NS_ASSERTIONS = NO;
				ENABLE_STRICT_OBJC_MSGSEND = YES;
				GCC_C_LANGUAGE_STANDARD = gnu11;
				GCC_NO_COMMON_BLOCKS = YES;
				GCC_WARN_64_TO_32_BIT_CONVERSION = YES;
				GCC_WARN_ABOUT_RETURN_TYPE = YES_ERROR;
				GCC_WARN_UNDECLARED_SELECTOR = YES;
				GCC_WARN_UNINITIALIZED_AUTOS = YES_AGGRESSIVE;
				GCC_WARN_UNUSED_FUNCTION = YES;
				GCC_WARN_UNUSED_VARIABLE = YES;
				IPHONEOS_DEPLOYMENT_TARGET = 12.1;
				MTL_ENABLE_DEBUG_INFO = NO;
				MTL_FAST_MATH = YES;
				SDKROOT = iphoneos;
				SWIFT_COMPILATION_MODE = wholemodule;
				SWIFT_OPTIMIZATION_LEVEL = "-O";
				VALIDATE_PRODUCT = YES;
			};
			name = Release;
		};
		5778F31522E0D9FE00A61288 /* Debug */ = {
			isa = XCBuildConfiguration;
			buildSettings = {
				ALWAYS_EMBED_SWIFT_STANDARD_LIBRARIES = YES;
				ASSETCATALOG_COMPILER_APPICON_NAME = AppIcon;
				CODE_SIGN_STYLE = Automatic;
				INFOPLIST_FILE = "Custom Keyboard/Info.plist";
				LD_RUNPATH_SEARCH_PATHS = (
					"$(inherited)",
					"@executable_path/Frameworks",
				);
				PRODUCT_BUNDLE_IDENTIFIER = "sagarsandy492.Custom-Keyboard";
				PRODUCT_NAME = "$(TARGET_NAME)";
				SWIFT_VERSION = 4.2;
				TARGETED_DEVICE_FAMILY = "1,2";
			};
			name = Debug;
		};
		5778F31622E0D9FE00A61288 /* Release */ = {
			isa = XCBuildConfiguration;
			buildSettings = {
				ALWAYS_EMBED_SWIFT_STANDARD_LIBRARIES = YES;
				ASSETCATALOG_COMPILER_APPICON_NAME = AppIcon;
				CODE_SIGN_STYLE = Automatic;
				INFOPLIST_FILE = "Custom Keyboard/Info.plist";
				LD_RUNPATH_SEARCH_PATHS = (
					"$(inherited)",
					"@executable_path/Frameworks",
				);
				PRODUCT_BUNDLE_IDENTIFIER = "sagarsandy492.Custom-Keyboard";
				PRODUCT_NAME = "$(TARGET_NAME)";
				SWIFT_VERSION = 4.2;
				TARGETED_DEVICE_FAMILY = "1,2";
			};
			name = Release;
		};
		5778F32422E0DA9300A61288 /* Debug */ = {
			isa = XCBuildConfiguration;
			buildSettings = {
				CODE_SIGN_STYLE = Automatic;
				INFOPLIST_FILE = Yipppee/Info.plist;
				LD_RUNPATH_SEARCH_PATHS = (
					"$(inherited)",
					"@executable_path/Frameworks",
					"@executable_path/../../Frameworks",
				);
				PRODUCT_BUNDLE_IDENTIFIER = "sagarsandy492.Custom-Keyboard.Yipppee";
				PRODUCT_NAME = "$(TARGET_NAME)";
				SKIP_INSTALL = YES;
				SWIFT_VERSION = 4.2;
				TARGETED_DEVICE_FAMILY = "1,2";
			};
			name = Debug;
		};
		5778F32522E0DA9300A61288 /* Release */ = {
			isa = XCBuildConfiguration;
			buildSettings = {
				CODE_SIGN_STYLE = Automatic;
				INFOPLIST_FILE = Yipppee/Info.plist;
				LD_RUNPATH_SEARCH_PATHS = (
					"$(inherited)",
					"@executable_path/Frameworks",
					"@executable_path/../../Frameworks",
				);
				PRODUCT_BUNDLE_IDENTIFIER = "sagarsandy492.Custom-Keyboard.Yipppee";
				PRODUCT_NAME = "$(TARGET_NAME)";
				SKIP_INSTALL = YES;
				SWIFT_VERSION = 4.2;
				TARGETED_DEVICE_FAMILY = "1,2";
			};
			name = Release;
		};
/* End XCBuildConfiguration section */

/* Begin XCConfigurationList section */
		5778F2FD22E0D9FB00A61288 /* Build configuration list for PBXProject "Custom Keyboard" */ = {
			isa = XCConfigurationList;
			buildConfigurations = (
				5778F31222E0D9FE00A61288 /* Debug */,
				5778F31322E0D9FE00A61288 /* Release */,
			);
			defaultConfigurationIsVisible = 0;
			defaultConfigurationName = Release;
		};
		5778F31422E0D9FE00A61288 /* Build configuration list for PBXNativeTarget "Custom Keyboard" */ = {
			isa = XCConfigurationList;
			buildConfigurations = (
				5778F31522E0D9FE00A61288 /* Debug */,
				5778F31622E0D9FE00A61288 /* Release */,
			);
			defaultConfigurationIsVisible = 0;
			defaultConfigurationName = Release;
		};
		5778F32322E0DA9300A61288 /* Build configuration list for PBXNativeTarget "Yipppee" */ = {
			isa = XCConfigurationList;
			buildConfigurations = (
				5778F32422E0DA9300A61288 /* Debug */,
				5778F32522E0DA9300A61288 /* Release */,
			);
			defaultConfigurationIsVisible = 0;
			defaultConfigurationName = Release;
		};
/* End XCConfigurationList section */
	};
	rootObject = 5778F2FA22E0D9FB00A61288 /* Project object */;
}
